
Microsoft Visual Studio Solution File, Format Version 12.00
# Visual Studio Version 17
VisualStudioVersion = 17.0.31903.59
MinimumVisualStudioVersion = 10.0.40219.1
Project("{2150E333-8FDC-42A3-9474-1A3956D46DE8}") = "src", "src", "{A31D3641-768F-4A27-9308-C7B15B735036}"
EndProject
Project("{FAE04EC0-301F-11D3-BF4B-00C04F79EFBC}") = "Janet.CLI", "src\Janet.CLI\Janet.CLI.csproj", "{F9B1CB3B-15D2-42FF-A025-DE7265AD1764}"
EndProject
Project("{FAE04EC0-301F-11D3-BF4B-00C04F79EFBC}") = "Janet.Core", "src\Janet.Core\Janet.Core.csproj", "{C2FE8BDB-9FB2-41FB-A7E2-8B812F2890C2}"
EndProject
Global
	GlobalSection(SolutionConfigurationPlatforms) = preSolution
		Debug|Any CPU = Debug|Any CPU
		Release|Any CPU = Release|Any CPU
	EndGlobalSection
	GlobalSection(SolutionProperties) = preSolution
		HideSolutionNode = FALSE
	EndGlobalSection
	GlobalSection(ProjectConfigurationPlatforms) = postSolution
		{F9B1CB3B-15D2-42FF-A025-DE7265AD1764}.Debug|Any CPU.ActiveCfg = Debug|Any CPU
		{F9B1CB3B-15D2-42FF-A025-DE7265AD1764}.Debug|Any CPU.Build.0 = Debug|Any CPU
		{F9B1CB3B-15D2-42FF-A025-DE7265AD1764}.Release|Any CPU.ActiveCfg = Release|Any CPU
		{F9B1CB3B-15D2-42FF-A025-DE7265AD1764}.Release|Any CPU.Build.0 = Release|Any CPU
		{C2FE8BDB-9FB2-41FB-A7E2-8B812F2890C2}.Debug|Any CPU.ActiveCfg = Debug|Any CPU
		{C2FE8BDB-9FB2-41FB-A7E2-8B812F2890C2}.Debug|Any CPU.Build.0 = Debug|Any CPU
		{C2FE8BDB-9FB2-41FB-A7E2-8B812F2890C2}.Release|Any CPU.ActiveCfg = Release|Any CPU
		{C2FE8BDB-9FB2-41FB-A7E2-8B812F2890C2}.Release|Any CPU.Build.0 = Release|Any CPU
	EndGlobalSection
	GlobalSection(NestedProjects) = preSolution
		{F9B1CB3B-15D2-42FF-A025-DE7265AD1764} = {A31D3641-768F-4A27-9308-C7B15B735036}
		{C2FE8BDB-9FB2-41FB-A7E2-8B812F2890C2} = {A31D3641-768F-4A27-9308-C7B15B735036}
	EndGlobalSection
EndGlobal
